{
  "name": "github-actions-docker",
  "version": "1.0.0",
  "lockfileVersion": 3,
  "requires": true,
  "packages": {
    "": {
      "name": "github-actions-docker",
      "version": "1.0.0",
      "license": "SEE LICENSE IN LICENSE",
      "devDependencies": {
        "dockerlint": "^0.3.9",
        "prettier": "^3.4.2"
      }
    },
    "node_modules/dockerlint": {
      "version": "0.3.9",
      "resolved": "https://registry.npmjs.org/dockerlint/-/dockerlint-0.3.9.tgz",
      "integrity": "sha512-gps1IlRWx0hqhG7qZNYoF/Ae8wpnnPDGV0eYC60FdH2UscS4hZ+NFYX3Pusj/GImjLD/Pxkp/wib7CBb63yzZw==",
      "dev": true,
      "license": "MIT",
      "dependencies": {
        "sty": "^0.6.1",
        "subarg": "^1.0.0"
      },
      "bin": {
        "dockerlint": "bin/dockerlint.js"
      },
      "engines": {
        "coffee-script": ">= 1.0.1",
        "node": ">= 0.10.0"
      }
    },
    "node_modules/minimist": {
      "version": "1.2.8",
      "resolved": "https://registry.npmjs.org/minimist/-/minimist-1.2.8.tgz",
      "integrity": "sha512-2yyAR8qBkN3YuheJanUpWC5U3bb5osDywNB8RzDVlDwDHbocAJveqqj1u8+SVD7jkWT4yvsHCpWqqWqAxb0zCA==",
      "dev": true,
      "license": "MIT",
      "funding": {
        "url": "https://github.com/sponsors/ljharb"
      }
    },
    "node_modules/prettier": {
      "version": "3.4.2",
      "resolved": "https://registry.npmjs.org/prettier/-/prettier-3.4.2.tgz",
      "integrity": "sha512-e9MewbtFo+Fevyuxn/4rrcDAaq0IYxPGLvObpQjiZBMAzB9IGmzlnG9RZy3FFas+eBMu2vA0CszMeduow5dIuQ==",
      "dev": true,
      "license": "MIT",
      "bin": {
        "prettier": "bin/prettier.cjs"
      },
      "engines": {
        "node": ">=14"
      },
      "funding": {
        "url": "https://github.com/prettier/prettier?sponsor=1"
      }
    },
    "node_modules/sty": {
      "version": "0.6.1",
      "resolved": "https://registry.npmjs.org/sty/-/sty-0.6.1.tgz",
      "integrity": "sha512-Pu/JG9iZxf9n0nS9958Eml71lg5mlKFh7qnq3P10qXff1SP8Kc4dwfnyRaiaI5KEyq2ff4DBucrLW/a8xv+MkA==",
      "deprecated": "Package no longer supported. Contact Support at https://www.npmjs.com/support for more info.",
      "dev": true,
      "engines": {
        "coffee-script": "~ 1.0.1",
        "node": ">= 0.4.0"
      }
    },
    "node_modules/subarg": {
      "version": "1.0.0",
      "resolved": "https://registry.npmjs.org/subarg/-/subarg-1.0.0.tgz",
      "integrity": "sha512-RIrIdRY0X1xojthNcVtgT9sjpOGagEUKpZdgBUi054OEPFo282yg+zE+t1Rj3+RqKq2xStL7uUHhY+AjbC4BXg==",
      "dev": true,
      "license": "MIT",
      "dependencies": {
        "minimist": "^1.1.0"
      }
    }
  }
}
